
Microsoft Visual Studio Solution File, Format Version 12.00
# Visual Studio 15
VisualStudioVersion = 15.0.28010.2048
MinimumVisualStudioVersion = 10.0.40219.1
Project("{FAE04EC0-301F-11D3-BF4B-00C04F79EFBC}") = "ConcatenateSample", "ConcatenateSample\ConcatenateSample.csproj", "{C39D267E-0EBC-40A7-82F4-210B9A08245F}"
EndProject
Global
	GlobalSection(SolutionConfigurationPlatforms) = preSolution
		Debug|Any CPU = Debug|Any CPU
		Release|Any CPU = Release|Any CPU
	EndGlobalSection
	GlobalSection(ProjectConfigurationPlatforms) = postSolution
		{C39D267E-0EBC-40A7-82F4-210B9A08245F}.Debug|Any CPU.ActiveCfg = Debug|Any CPU
		{C39D267E-0EBC-40A7-82F4-210B9A08245F}.Debug|Any CPU.Build.0 = Debug|Any CPU
		{C39D267E-0EBC-40A7-82F4-210B9A08245F}.Release|Any CPU.ActiveCfg = Release|Any CPU
		{C39D267E-0EBC-40A7-82F4-210B9A08245F}.Release|Any CPU.Build.0 = Release|Any CPU
	EndGlobalSection
	GlobalSection(SolutionProperties) = preSolution
		HideSolutionNode = FALSE
	EndGlobalSection
	GlobalSection(ExtensibilityGlobals) = postSolution
		SolutionGuid = {EC5FCA7C-C1CF-4D40-AFA6-D037D37E779C}
	EndGlobalSection
EndGlobal
