
Microsoft Visual Studio Solution File, Format Version 12.00
# Visual Studio 15
VisualStudioVersion = 15.0.28010.2048
MinimumVisualStudioVersion = 10.0.40219.1
Project("{FAE04EC0-301F-11D3-BF4B-00C04F79EFBC}") = "ArraysListsApplication", "ArraysListsApplication\ArraysListsApplication.csproj", "{286CA9F0-A21A-4176-BEAB-958DD4E28D00}"
EndProject
Global
	GlobalSection(SolutionConfigurationPlatforms) = preSolution
		Debug|Any CPU = Debug|Any CPU
		Release|Any CPU = Release|Any CPU
	EndGlobalSection
	GlobalSection(ProjectConfigurationPlatforms) = postSolution
		{286CA9F0-A21A-4176-BEAB-958DD4E28D00}.Debug|Any CPU.ActiveCfg = Debug|Any CPU
		{286CA9F0-A21A-4176-BEAB-958DD4E28D00}.Debug|Any CPU.Build.0 = Debug|Any CPU
		{286CA9F0-A21A-4176-BEAB-958DD4E28D00}.Release|Any CPU.ActiveCfg = Release|Any CPU
		{286CA9F0-A21A-4176-BEAB-958DD4E28D00}.Release|Any CPU.Build.0 = Release|Any CPU
	EndGlobalSection
	GlobalSection(SolutionProperties) = preSolution
		HideSolutionNode = FALSE
	EndGlobalSection
	GlobalSection(ExtensibilityGlobals) = postSolution
		SolutionGuid = {E12423BF-B950-47A1-B9D5-986965F1C244}
	EndGlobalSection
EndGlobal
