
Microsoft Visual Studio Solution File, Format Version 12.00
# Visual Studio 15
VisualStudioVersion = 15.0.28010.2048
MinimumVisualStudioVersion = 10.0.40219.1
Project("{FAE04EC0-301F-11D3-BF4B-00C04F79EFBC}") = "MathComparisonOperators", "MathComparisonOperators\MathComparisonOperators.csproj", "{23F401C3-667D-47CB-92C6-4A8985B69DA9}"
EndProject
Global
	GlobalSection(SolutionConfigurationPlatforms) = preSolution
		Debug|Any CPU = Debug|Any CPU
		Release|Any CPU = Release|Any CPU
	EndGlobalSection
	GlobalSection(ProjectConfigurationPlatforms) = postSolution
		{23F401C3-667D-47CB-92C6-4A8985B69DA9}.Debug|Any CPU.ActiveCfg = Debug|Any CPU
		{23F401C3-667D-47CB-92C6-4A8985B69DA9}.Debug|Any CPU.Build.0 = Debug|Any CPU
		{23F401C3-667D-47CB-92C6-4A8985B69DA9}.Release|Any CPU.ActiveCfg = Release|Any CPU
		{23F401C3-667D-47CB-92C6-4A8985B69DA9}.Release|Any CPU.Build.0 = Release|Any CPU
	EndGlobalSection
	GlobalSection(SolutionProperties) = preSolution
		HideSolutionNode = FALSE
	EndGlobalSection
	GlobalSection(ExtensibilityGlobals) = postSolution
		SolutionGuid = {57F95F61-1E11-4D88-9FD5-9BAC035AAD47}
	EndGlobalSection
EndGlobal
