
Microsoft Visual Studio Solution File, Format Version 12.00
# Visual Studio 15
VisualStudioVersion = 15.0.28010.2048
MinimumVisualStudioVersion = 10.0.40219.1
Project("{FAE04EC0-301F-11D3-BF4B-00C04F79EFBC}") = "ShippingApplication", "ShippingApplication\ShippingApplication.csproj", "{F15C467E-3D85-46AB-80FD-799FF69592B5}"
EndProject
Global
	GlobalSection(SolutionConfigurationPlatforms) = preSolution
		Debug|Any CPU = Debug|Any CPU
		Release|Any CPU = Release|Any CPU
	EndGlobalSection
	GlobalSection(ProjectConfigurationPlatforms) = postSolution
		{F15C467E-3D85-46AB-80FD-799FF69592B5}.Debug|Any CPU.ActiveCfg = Debug|Any CPU
		{F15C467E-3D85-46AB-80FD-799FF69592B5}.Debug|Any CPU.Build.0 = Debug|Any CPU
		{F15C467E-3D85-46AB-80FD-799FF69592B5}.Release|Any CPU.ActiveCfg = Release|Any CPU
		{F15C467E-3D85-46AB-80FD-799FF69592B5}.Release|Any CPU.Build.0 = Release|Any CPU
	EndGlobalSection
	GlobalSection(SolutionProperties) = preSolution
		HideSolutionNode = FALSE
	EndGlobalSection
	GlobalSection(ExtensibilityGlobals) = postSolution
		SolutionGuid = {5AA728E6-2313-4D68-8255-9D29B28125FB}
	EndGlobalSection
EndGlobal
